// !$*UTF8*$!
{
	archiveVersion = 1;
	classes = {
	};
	objectVersion = 50;
	objects = {

/* Begin PBXBuildFile section */
		5F082C1A22A1040400C3DDCD /* AppDelegate.swift in Sources */ = {isa = PBXBuildFile; fileRef = 5F082C1922A1040400C3DDCD /* AppDelegate.swift */; };
		5F082C1C22A1040400C3DDCD /* ViewController.swift in Sources */ = {isa = PBXBuildFile; fileRef = 5F082C1B22A1040400C3DDCD /* ViewController.swift */; };
		5F082C1F22A1040400C3DDCD /* Main.storyboard in Resources */ = {isa = PBXBuildFile; fileRef = 5F082C1D22A1040400C3DDCD /* Main.storyboard */; };
		5F082C2122A1040600C3DDCD /* Assets.xcassets in Resources */ = {isa = PBXBuildFile; fileRef = 5F082C2022A1040600C3DDCD /* Assets.xcassets */; };
		5F082C2422A1040600C3DDCD /* LaunchScreen.storyboard in Resources */ = {isa = PBXBuildFile; fileRef = 5F082C2222A1040600C3DDCD /* LaunchScreen.storyboard */; };
		5F082C2E22A106BC00C3DDCD /* CCGradientView.swift in Sources */ = {isa = PBXBuildFile; fileRef = 5F082C2D22A106BC00C3DDCD /* CCGradientView.swift */; };
		5F082C3522A2123C00C3DDCD /* CCGradientConfiguration.swift in Sources */ = {isa = PBXBuildFile; fileRef = 5F082C3422A2123C00C3DDCD /* CCGradientConfiguration.swift */; };
		5F318A9E22A3943B007D7991 /* CCColors.swift in Sources */ = {isa = PBXBuildFile; fileRef = 5F318A9D22A3943B007D7991 /* CCColors.swift */; };
		5F7EB05F22A23C59008B0438 /* CCGradientViewConfigurationBuilder.swift in Sources */ = {isa = PBXBuildFile; fileRef = 5F7EB05E22A23C59008B0438 /* CCGradientViewConfigurationBuilder.swift */; };
		5FC59E5F22A63747006664CA /* Rodina-Regular.otf in Resources */ = {isa = PBXBuildFile; fileRef = 5FC59E5E22A63747006664CA /* Rodina-Regular.otf */; };
		5FED208122A3A8DA00CA7F70 /* CCGradientColors.swift in Sources */ = {isa = PBXBuildFile; fileRef = 5FED208022A3A8DA00CA7F70 /* CCGradientColors.swift */; };
/* End PBXBuildFile section */

/* Begin PBXFileReference section */
		5F082C1622A1040400C3DDCD /* CCGradient.app */ = {isa = PBXFileReference; explicitFileType = wrapper.application; includeInIndex = 0; path = CCGradient.app; sourceTree = BUILT_PRODUCTS_DIR; };
		5F082C1922A1040400C3DDCD /* AppDelegate.swift */ = {isa = PBXFileReference; lastKnownFileType = sourcecode.swift; path = AppDelegate.swift; sourceTree = "<group>"; };
		5F082C1B22A1040400C3DDCD /* ViewController.swift */ = {isa = PBXFileReference; lastKnownFileType = sourcecode.swift; path = ViewController.swift; sourceTree = "<group>"; };
		5F082C1E22A1040400C3DDCD /* Base */ = {isa = PBXFileReference; lastKnownFileType = file.storyboard; name = Base; path = Base.lproj/Main.storyboard; sourceTree = "<group>"; };
		5F082C2022A1040600C3DDCD /* Assets.xcassets */ = {isa = PBXFileReference; lastKnownFileType = folder.assetcatalog; path = Assets.xcassets; sourceTree = "<group>"; };
		5F082C2322A1040600C3DDCD /* Base */ = {isa = PBXFileReference; lastKnownFileType = file.storyboard; name = Base; path = Base.lproj/LaunchScreen.storyboard; sourceTree = "<group>"; };
		5F082C2522A1040600C3DDCD /* Info.plist */ = {isa = PBXFileReference; lastKnownFileType = text.plist.xml; path = Info.plist; sourceTree = "<group>"; };
		5F082C2D22A106BC00C3DDCD /* CCGradientView.swift */ = {isa = PBXFileReference; lastKnownFileType = sourcecode.swift; path = CCGradientView.swift; sourceTree = "<group>"; };
		5F082C3422A2123C00C3DDCD /* CCGradientConfiguration.swift */ = {isa = PBXFileReference; lastKnownFileType = sourcecode.swift; path = CCGradientConfiguration.swift; sourceTree = "<group>"; };
		5F318A9D22A3943B007D7991 /* CCColors.swift */ = {isa = PBXFileReference; lastKnownFileType = sourcecode.swift; path = CCColors.swift; sourceTree = "<group>"; };
		5F7EB05E22A23C59008B0438 /* CCGradientViewConfigurationBuilder.swift */ = {isa = PBXFileReference; lastKnownFileType = sourcecode.swift; path = CCGradientViewConfigurationBuilder.swift; sourceTree = "<group>"; };
		5FC59E5E22A63747006664CA /* Rodina-Regular.otf */ = {isa = PBXFileReference; lastKnownFileType = file; path = "Rodina-Regular.otf"; sourceTree = "<group>"; };
		5FED208022A3A8DA00CA7F70 /* CCGradientColors.swift */ = {isa = PBXFileReference; fileEncoding = 4; lastKnownFileType = sourcecode.swift; path = CCGradientColors.swift; sourceTree = "<group>"; };
/* End PBXFileReference section */

/* Begin PBXFrameworksBuildPhase section */
		5F082C1322A1040400C3DDCD /* Frameworks */ = {
			isa = PBXFrameworksBuildPhase;
			buildActionMask = 2147483647;
			files = (
			);
			runOnlyForDeploymentPostprocessing = 0;
		};
/* End PBXFrameworksBuildPhase section */

/* Begin PBXGroup section */
		5F082C0D22A1040400C3DDCD = {
			isa = PBXGroup;
			children = (
				5F082C1822A1040400C3DDCD /* CCGradient */,
				5F082C1722A1040400C3DDCD /* Products */,
			);
			sourceTree = "<group>";
		};
		5F082C1722A1040400C3DDCD /* Products */ = {
			isa = PBXGroup;
			children = (
				5F082C1622A1040400C3DDCD /* CCGradient.app */,
			);
			name = Products;
			sourceTree = "<group>";
		};
		5F082C1822A1040400C3DDCD /* CCGradient */ = {
			isa = PBXGroup;
			children = (
				5FC59E5B22A6360A006664CA /* Fonts */,
				5F082C3122A211FE00C3DDCD /* CCGradientView */,
				5F082C1922A1040400C3DDCD /* AppDelegate.swift */,
				5F082C1B22A1040400C3DDCD /* ViewController.swift */,
				5F082C1D22A1040400C3DDCD /* Main.storyboard */,
				5F082C2022A1040600C3DDCD /* Assets.xcassets */,
				5F082C2222A1040600C3DDCD /* LaunchScreen.storyboard */,
				5F082C2522A1040600C3DDCD /* Info.plist */,
			);
			path = CCGradient;
			sourceTree = "<group>";
		};
		5F082C3122A211FE00C3DDCD /* CCGradientView */ = {
			isa = PBXGroup;
			children = (
				5FED208022A3A8DA00CA7F70 /* CCGradientColors.swift */,
				5F082C2D22A106BC00C3DDCD /* CCGradientView.swift */,
				5F082C3422A2123C00C3DDCD /* CCGradientConfiguration.swift */,
				5F7EB05E22A23C59008B0438 /* CCGradientViewConfigurationBuilder.swift */,
				5F318A9D22A3943B007D7991 /* CCColors.swift */,
			);
			path = CCGradientView;
			sourceTree = "<group>";
		};
		5FC59E5B22A6360A006664CA /* Fonts */ = {
			isa = PBXGroup;
			children = (
				5FC59E5E22A63747006664CA /* Rodina-Regular.otf */,
			);
			path = Fonts;
			sourceTree = "<group>";
		};
/* End PBXGroup section */

/* Begin PBXNativeTarget section */
		5F082C1522A1040400C3DDCD /* CCGradient */ = {
			isa = PBXNativeTarget;
			buildConfigurationList = 5F082C2822A1040600C3DDCD /* Build configuration list for PBXNativeTarget "CCGradient" */;
			buildPhases = (
				5F082C1222A1040400C3DDCD /* Sources */,
				5F082C1322A1040400C3DDCD /* Frameworks */,
				5F082C1422A1040400C3DDCD /* Resources */,
			);
			buildRules = (
			);
			dependencies = (
			);
			name = CCGradient;
			productName = CCGradient;
			productReference = 5F082C1622A1040400C3DDCD /* CCGradient.app */;
			productType = "com.apple.product-type.application";
		};
/* End PBXNativeTarget section */

/* Begin PBXProject section */
		5F082C0E22A1040400C3DDCD /* Project object */ = {
			isa = PBXProject;
			attributes = {
				LastSwiftUpdateCheck = 1020;
				LastUpgradeCheck = 1020;
				ORGANIZATIONNAME = "Amir REZVANI";
				TargetAttributes = {
					5F082C1522A1040400C3DDCD = {
						CreatedOnToolsVersion = 10.2.1;
					};
				};
			};
			buildConfigurationList = 5F082C1122A1040400C3DDCD /* Build configuration list for PBXProject "CCGradient" */;
			compatibilityVersion = "Xcode 9.3";
			developmentRegion = en;
			hasScannedForEncodings = 0;
			knownRegions = (
				en,
				Base,
			);
			mainGroup = 5F082C0D22A1040400C3DDCD;
			productRefGroup = 5F082C1722A1040400C3DDCD /* Products */;
			projectDirPath = "";
			projectRoot = "";
			targets = (
				5F082C1522A1040400C3DDCD /* CCGradient */,
			);
		};
/* End PBXProject section */

/* Begin PBXResourcesBuildPhase section */
		5F082C1422A1040400C3DDCD /* Resources */ = {
			isa = PBXResourcesBuildPhase;
			buildActionMask = 2147483647;
			files = (
				5F082C2422A1040600C3DDCD /* LaunchScreen.storyboard in Resources */,
				5FC59E5F22A63747006664CA /* Rodina-Regular.otf in Resources */,
				5F082C2122A1040600C3DDCD /* Assets.xcassets in Resources */,
				5F082C1F22A1040400C3DDCD /* Main.storyboard in Resources */,
			);
			runOnlyForDeploymentPostprocessing = 0;
		};
/* End PBXResourcesBuildPhase section */

/* Begin PBXSourcesBuildPhase section */
		5F082C1222A1040400C3DDCD /* Sources */ = {
			isa = PBXSourcesBuildPhase;
			buildActionMask = 2147483647;
			files = (
				5F082C2E22A106BC00C3DDCD /* CCGradientView.swift in Sources */,
				5F318A9E22A3943B007D7991 /* CCColors.swift in Sources */,
				5F082C3522A2123C00C3DDCD /* CCGradientConfiguration.swift in Sources */,
				5FED208122A3A8DA00CA7F70 /* CCGradientColors.swift in Sources */,
				5F7EB05F22A23C59008B0438 /* CCGradientViewConfigurationBuilder.swift in Sources */,
				5F082C1C22A1040400C3DDCD /* ViewController.swift in Sources */,
				5F082C1A22A1040400C3DDCD /* AppDelegate.swift in Sources */,
			);
			runOnlyForDeploymentPostprocessing = 0;
		};
/* End PBXSourcesBuildPhase section */

/* Begin PBXVariantGroup section */
		5F082C1D22A1040400C3DDCD /* Main.storyboard */ = {
			isa = PBXVariantGroup;
			children = (
				5F082C1E22A1040400C3DDCD /* Base */,
			);
			name = Main.storyboard;
			sourceTree = "<group>";
		};
		5F082C2222A1040600C3DDCD /* LaunchScreen.storyboard */ = {
			isa = PBXVariantGroup;
			children = (
				5F082C2322A1040600C3DDCD /* Base */,
			);
			name = LaunchScreen.storyboard;
			sourceTree = "<group>";
		};
/* End PBXVariantGroup section */

/* Begin XCBuildConfiguration section */
		5F082C2622A1040600C3DDCD /* Debug */ = {
			isa = XCBuildConfiguration;
			buildSettings = {
				ALWAYS_SEARCH_USER_PATHS = NO;
				CLANG_ANALYZER_NONNULL = YES;
				CLANG_ANALYZER_NUMBER_OBJECT_CONVERSION = YES_AGGRESSIVE;
				CLANG_CXX_LANGUAGE_STANDARD = "gnu++14";
				CLANG_CXX_LIBRARY = "libc++";
				CLANG_ENABLE_MODULES = YES;
				CLANG_ENABLE_OBJC_ARC = YES;
				CLANG_ENABLE_OBJC_WEAK = YES;
				CLANG_WARN_BLOCK_CAPTURE_AUTORELEASING = YES;
				CLANG_WARN_BOOL_CONVERSION = YES;
				CLANG_WARN_COMMA = YES;
				CLANG_WARN_CONSTANT_CONVERSION = YES;
				CLANG_WARN_DEPRECATED_OBJC_IMPLEMENTATIONS = YES;
				CLANG_WARN_DIRECT_OBJC_ISA_USAGE = YES_ERROR;
				CLANG_WARN_DOCUMENTATION_COMMENTS = YES;
				CLANG_WARN_EMPTY_BODY = YES;
				CLANG_WARN_ENUM_CONVERSION = YES;
				CLANG_WARN_INFINITE_RECURSION = YES;
				CLANG_WARN_INT_CONVERSION = YES;
				CLANG_WARN_NON_LITERAL_NULL_CONVERSION = YES;
				CLANG_WARN_OBJC_IMPLICIT_RETAIN_SELF = YES;
				CLANG_WARN_OBJC_LITERAL_CONVERSION = YES;
				CLANG_WARN_OBJC_ROOT_CLASS = YES_ERROR;
				CLANG_WARN_RANGE_LOOP_ANALYSIS = YES;
				CLANG_WARN_STRICT_PROTOTYPES = YES;
				CLANG_WARN_SUSPICIOUS_MOVE = YES;
				CLANG_WARN_UNGUARDED_AVAILABILITY = YES_AGGRESSIVE;
				CLANG_WARN_UNREACHABLE_CODE = YES;
				CLANG_WARN__DUPLICATE_METHOD_MATCH = YES;
				CODE_SIGN_IDENTITY = "iPhone Developer";
				COPY_PHASE_STRIP = NO;
				DEBUG_INFORMATION_FORMAT = dwarf;
				ENABLE_STRICT_OBJC_MSGSEND = YES;
				ENABLE_TESTABILITY = YES;
				GCC_C_LANGUAGE_STANDARD = gnu11;
				GCC_DYNAMIC_NO_PIC = NO;
				GCC_NO_COMMON_BLOCKS = YES;
				GCC_OPTIMIZATION_LEVEL = 0;
				GCC_PREPROCESSOR_DEFINITIONS = (
					"DEBUG=1",
					"$(inherited)",
				);
				GCC_WARN_64_TO_32_BIT_CONVERSION = YES;
				GCC_WARN_ABOUT_RETURN_TYPE = YES_ERROR;
				GCC_WARN_UNDECLARED_SELECTOR = YES;
				GCC_WARN_UNINITIALIZED_AUTOS = YES_AGGRESSIVE;
				GCC_WARN_UNUSED_FUNCTION = YES;
				GCC_WARN_UNUSED_VARIABLE = YES;
				IPHONEOS_DEPLOYMENT_TARGET = 12.2;
				MTL_ENABLE_DEBUG_INFO = INCLUDE_SOURCE;
				MTL_FAST_MATH = YES;
				ONLY_ACTIVE_ARCH = YES;
				SDKROOT = iphoneos;
				SWIFT_ACTIVE_COMPILATION_CONDITIONS = DEBUG;
				SWIFT_OPTIMIZATION_LEVEL = "-Onone";
			};
			name = Debug;
		};
		5F082C2722A1040600C3DDCD /* Release */ = {
			isa = XCBuildConfiguration;
			buildSettings = {
				ALWAYS_SEARCH_USER_PATHS = NO;
				CLANG_ANALYZER_NONNULL = YES;
				CLANG_ANALYZER_NUMBER_OBJECT_CONVERSION = YES_AGGRESSIVE;
				CLANG_CXX_LANGUAGE_STANDARD = "gnu++14";
				CLANG_CXX_LIBRARY = "libc++";
				CLANG_ENABLE_MODULES = YES;
				CLANG_ENABLE_OBJC_ARC = YES;
				CLANG_ENABLE_OBJC_WEAK = YES;
				CLANG_WARN_BLOCK_CAPTURE_AUTORELEASING = YES;
				CLANG_WARN_BOOL_CONVERSION = YES;
				CLANG_WARN_COMMA = YES;
				CLANG_WARN_CONSTANT_CONVERSION = YES;
				CLANG_WARN_DEPRECATED_OBJC_IMPLEMENTATIONS = YES;
				CLANG_WARN_DIRECT_OBJC_ISA_USAGE = YES_ERROR;
				CLANG_WARN_DOCUMENTATION_COMMENTS = YES;
				CLANG_WARN_EMPTY_BODY = YES;
				CLANG_WARN_ENUM_CONVERSION = YES;
				CLANG_WARN_INFINITE_RECURSION = YES;
				CLANG_WARN_INT_CONVERSION = YES;
				CLANG_WARN_NON_LITERAL_NULL_CONVERSION = YES;
				CLANG_WARN_OBJC_IMPLICIT_RETAIN_SELF = YES;
				CLANG_WARN_OBJC_LITERAL_CONVERSION = YES;
				CLANG_WARN_OBJC_ROOT_CLASS = YES_ERROR;
				CLANG_WARN_RANGE_LOOP_ANALYSIS = YES;
				CLANG_WARN_STRICT_PROTOTYPES = YES;
				CLANG_WARN_SUSPICIOUS_MOVE = YES;
				CLANG_WARN_UNGUARDED_AVAILABILITY = YES_AGGRESSIVE;
				CLANG_WARN_UNREACHABLE_CODE = YES;
				CLANG_WARN__DUPLICATE_METHOD_MATCH = YES;
				CODE_SIGN_IDENTITY = "iPhone Developer";
				COPY_PHASE_STRIP = NO;
				DEBUG_INFORMATION_FORMAT = "dwarf-with-dsym";
				ENABLE_NS_ASSERTIONS = NO;
				ENABLE_STRICT_OBJC_MSGSEND = YES;
				GCC_C_LANGUAGE_STANDARD = gnu11;
				GCC_NO_COMMON_BLOCKS = YES;
				GCC_WARN_64_TO_32_BIT_CONVERSION = YES;
				GCC_WARN_ABOUT_RETURN_TYPE = YES_ERROR;
				GCC_WARN_UNDECLARED_SELECTOR = YES;
				GCC_WARN_UNINITIALIZED_AUTOS = YES_AGGRESSIVE;
				GCC_WARN_UNUSED_FUNCTION = YES;
				GCC_WARN_UNUSED_VARIABLE = YES;
				IPHONEOS_DEPLOYMENT_TARGET = 12.2;
				MTL_ENABLE_DEBUG_INFO = NO;
				MTL_FAST_MATH = YES;
				SDKROOT = iphoneos;
				SWIFT_COMPILATION_MODE = wholemodule;
				SWIFT_OPTIMIZATION_LEVEL = "-O";
				VALIDATE_PRODUCT = YES;
			};
			name = Release;
		};
		5F082C2922A1040600C3DDCD /* Debug */ = {
			isa = XCBuildConfiguration;
			buildSettings = {
				ASSETCATALOG_COMPILER_APPICON_NAME = AppIcon;
				CODE_SIGN_STYLE = Automatic;
				DEVELOPMENT_TEAM = CGAD6SU433;
				INFOPLIST_FILE = CCGradient/Info.plist;
				LD_RUNPATH_SEARCH_PATHS = (
					"$(inherited)",
					"@executable_path/Frameworks",
				);
				PRODUCT_BUNDLE_IDENTIFIER = com.cjcoax.CCGradient;
				PRODUCT_NAME = "$(TARGET_NAME)";
				SWIFT_VERSION = 5.0;
				TARGETED_DEVICE_FAMILY = "1,2";
			};
			name = Debug;
		};
		5F082C2A22A1040600C3DDCD /* Release */ = {
			isa = XCBuildConfiguration;
			buildSettings = {
				ASSETCATALOG_COMPILER_APPICON_NAME = AppIcon;
				CODE_SIGN_STYLE = Automatic;
				DEVELOPMENT_TEAM = CGAD6SU433;
				INFOPLIST_FILE = CCGradient/Info.plist;
				LD_RUNPATH_SEARCH_PATHS = (
					"$(inherited)",
					"@executable_path/Frameworks",
				);
				PRODUCT_BUNDLE_IDENTIFIER = com.cjcoax.CCGradient;
				PRODUCT_NAME = "$(TARGET_NAME)";
				SWIFT_VERSION = 5.0;
				TARGETED_DEVICE_FAMILY = "1,2";
			};
			name = Release;
		};
/* End XCBuildConfiguration section */

/* Begin XCConfigurationList section */
		5F082C1122A1040400C3DDCD /* Build configuration list for PBXProject "CCGradient" */ = {
			isa = XCConfigurationList;
			buildConfigurations = (
				5F082C2622A1040600C3DDCD /* Debug */,
				5F082C2722A1040600C3DDCD /* Release */,
			);
			defaultConfigurationIsVisible = 0;
			defaultConfigurationName = Release;
		};
		5F082C2822A1040600C3DDCD /* Build configuration list for PBXNativeTarget "CCGradient" */ = {
			isa = XCConfigurationList;
			buildConfigurations = (
				5F082C2922A1040600C3DDCD /* Debug */,
				5F082C2A22A1040600C3DDCD /* Release */,
			);
			defaultConfigurationIsVisible = 0;
			defaultConfigurationName = Release;
		};
/* End XCConfigurationList section */
	};
	rootObject = 5F082C0E22A1040400C3DDCD /* Project object */;
}
